{
  "name": "angularls",
  "version": "1.0.0",
  "lockfileVersion": 1,
  "requires": true,
  "dependencies": {
    "@angular/language-server": {
      "version": "11.2.8",
      "resolved": "https://registry.npmjs.org/@angular/language-server/-/language-server-11.2.8.tgz",
      "integrity": "sha512-eL99822M8FnEOUPFr3Sm1KohXwLwmeqJBV/CpJaYp92K2g+MRGtg1Drf36mFDhz6qgZo5IDRqvi1h9v9CrPLKQ==",
      "requires": {
        "@angular/language-service": "11.2.5",
        "vscode-jsonrpc": "6.0.0",
        "vscode-languageserver": "7.0.0",
        "vscode-uri": "3.0.2"
      },
      "dependencies": {
        "vscode-jsonrpc": {
          "version": "6.0.0",
          "resolved": "https://registry.npmjs.org/vscode-jsonrpc/-/vscode-jsonrpc-6.0.0.tgz",
          "integrity": "sha512-wnJA4BnEjOSyFMvjZdpiOwhSq9uDoK8e/kpRJDTaMYzwlkrhG1fwDIZI94CLsLzlCK5cIbMMtFlJlfR57Lavmg=="
        }
      }
    },
    "@angular/language-service": {
      "version": "11.2.5",
      "resolved": "https://registry.npmjs.org/@angular/language-service/-/language-service-11.2.5.tgz",
      "integrity": "sha512-z7YgYawU2GmGCTUFbfceZY0WXZxSXInL615i+pKuY28zke2F2Z3lgfOOI/6fd75C8UBUqmVGmKz08GL8dDQT9A=="
    },
    "@types/node": {
      "version": "13.9.1",
      "resolved": "https://registry.npmjs.org/@types/node/-/node-13.9.1.tgz",
      "integrity": "sha512-E6M6N0blf/jiZx8Q3nb0vNaswQeEyn0XlupO+xN6DtJ6r6IT4nXrTry7zhIfYvFCl3/8Cu6WIysmUBKiqV0bqQ=="
    },
    "typescript": {
      "version": "4.2.3",
      "resolved": "https://registry.npmjs.org/typescript/-/typescript-4.2.3.tgz",
      "integrity": "sha512-qOcYwxaByStAWrBf4x0fibwZvMRG+r4cQoTjbPtUlrWjBHbmCAww1i448U0GJ+3cNNEtebDteo/cHOR3xJ4wEw=="
    },
    "vscode-jsonrpc": {
      "version": "5.0.1",
      "resolved": "https://registry.npmjs.org/vscode-jsonrpc/-/vscode-jsonrpc-5.0.1.tgz",
      "integrity": "sha512-JvONPptw3GAQGXlVV2utDcHx0BiY34FupW/kI6mZ5x06ER5DdPG/tXWMVHjTNULF5uKPOUUD0SaXg5QaubJL0A=="
    },
    "vscode-languageserver": {
      "version": "7.0.0",
      "resolved": "https://registry.npmjs.org/vscode-languageserver/-/vscode-languageserver-7.0.0.tgz",
      "integrity": "sha512-60HTx5ID+fLRcgdHfmz0LDZAXYEV68fzwG0JWwEPBode9NuMYTIxuYXPg4ngO8i8+Ou0lM7y6GzaYWbiDL0drw==",
      "requires": {
        "vscode-languageserver-protocol": "3.16.0"
      }
    },
    "vscode-languageserver-protocol": {
      "version": "3.16.0",
      "resolved": "https://registry.npmjs.org/vscode-languageserver-protocol/-/vscode-languageserver-protocol-3.16.0.tgz",
      "integrity": "sha512-sdeUoAawceQdgIfTI+sdcwkiK2KU+2cbEYA0agzM2uqaUy2UpnnGHtWTHVEtS0ES4zHU0eMFRGN+oQgDxlD66A==",
      "requires": {
        "vscode-jsonrpc": "6.0.0",
        "vscode-languageserver-types": "3.16.0"
      },
      "dependencies": {
        "vscode-jsonrpc": {
          "version": "6.0.0",
          "resolved": "https://registry.npmjs.org/vscode-jsonrpc/-/vscode-jsonrpc-6.0.0.tgz",
          "integrity": "sha512-wnJA4BnEjOSyFMvjZdpiOwhSq9uDoK8e/kpRJDTaMYzwlkrhG1fwDIZI94CLsLzlCK5cIbMMtFlJlfR57Lavmg=="
        }
      }
    },
    "vscode-languageserver-types": {
      "version": "3.16.0",
      "resolved": "https://registry.npmjs.org/vscode-languageserver-types/-/vscode-languageserver-types-3.16.0.tgz",
      "integrity": "sha512-k8luDIWJWyenLc5ToFQQMaSrqCHiLwyKPHKPQZ5zz21vM+vIVUSvsRpcbiECH4WR88K2XZqc4ScRcZ7nk/jbeA=="
    },
    "vscode-uri": {
      "version": "3.0.2",
      "resolved": "https://registry.npmjs.org/vscode-uri/-/vscode-uri-3.0.2.tgz",
      "integrity": "sha512-jkjy6pjU1fxUvI51P+gCsxg1u2n8LSt0W6KrCNQceaziKzff74GoWmjVG46KieVzybO1sttPQmYfrwSHey7GUA=="
    }
  }
}
