{
    "name": "AngularLanguageService.2022",
    "lockfileVersion": 2,
    "requires": true,
    "packages": {
        "": {
            "dependencies": {
                "@angular/language-server": "17.0.0",
                "typescript": "5.2.2"
            }
        },
        "node_modules/@angular/language-server": {
            "version": "17.0.0",
            "resolved": "https://registry.npmjs.org/@angular/language-server/-/language-server-17.0.0.tgz",
            "integrity": "sha512-oXO6F1Cy7UVTadFV3bBAbhbCnz3W1tpMo3Ga78bM/P9yfZg+CwhhjROmxPsl1y9FtoWdUTDWHRjVuYXaFfOVGQ==",
            "dependencies": {
                "@angular/language-service": "17.0.0-rc.3",
                "vscode-html-languageservice": "^4.2.5",
                "vscode-jsonrpc": "6.0.0",
                "vscode-languageserver": "7.0.0",
                "vscode-languageserver-textdocument": "^1.0.7",
                "vscode-uri": "3.0.7"
            },
            "bin": {
                "ngserver": "bin/ngserver"
            },
            "engines": {
                "node": "^18.13.0 || >=20.0.0"
            }
        },
        "node_modules/@angular/language-service": {
            "version": "17.0.0-rc.3",
            "resolved": "https://registry.npmjs.org/@angular/language-service/-/language-service-17.0.0-rc.3.tgz",
            "integrity": "sha512-F2LZUr9Kpeuz8Lqnm/KHxJMWX51+f2DzIPBNOVkNdgcTyQGXlQdJJBznpQ2QwaRaNP30Oz6/hOyAy95SKaVKSg==",
            "engines": {
                "node": "^18.13.0 || >=20.9.0"
            }
        },
        "node_modules/typescript": {
            "version": "5.2.2",
            "resolved": "https://registry.npmjs.org/typescript/-/typescript-5.2.2.tgz",
            "integrity": "sha512-mI4WrpHsbCIcwT9cF4FZvr80QUeKvsUsUvKDoR+X/7XHQH98xYD8YHZg7ANtz2GtZt/CBq2QJ0thkGJMHfqc1w==",
            "bin": {
                "tsc": "bin/tsc",
                "tsserver": "bin/tsserver"
            },
            "engines": {
                "node": ">=14.17"
            }
        },
        "node_modules/vscode-html-languageservice": {
            "version": "4.2.5",
            "resolved": "https://devdiv.pkgs.visualstudio.com/_packaging/Intellicode/npm/registry/vscode-html-languageservice/-/vscode-html-languageservice-4.2.5.tgz",
            "integrity": "sha1-wMyP89gk0WOIu6wYfhgodJ7M8AY=",
            "license": "MIT",
            "dependencies": {
                "vscode-languageserver-textdocument": "^1.0.4",
                "vscode-languageserver-types": "^3.16.0",
                "vscode-nls": "^5.0.0",
                "vscode-uri": "^3.0.3"
            }
        },
        "node_modules/vscode-jsonrpc": {
            "version": "6.0.0",
            "resolved": "https://registry.npmjs.org/vscode-jsonrpc/-/vscode-jsonrpc-6.0.0.tgz",
            "integrity": "sha512-wnJA4BnEjOSyFMvjZdpiOwhSq9uDoK8e/kpRJDTaMYzwlkrhG1fwDIZI94CLsLzlCK5cIbMMtFlJlfR57Lavmg==",
            "engines": {
                "node": ">=8.0.0 || >=10.0.0"
            }
        },
        "node_modules/vscode-languageserver": {
            "version": "7.0.0",
            "resolved": "https://registry.npmjs.org/vscode-languageserver/-/vscode-languageserver-7.0.0.tgz",
            "integrity": "sha512-60HTx5ID+fLRcgdHfmz0LDZAXYEV68fzwG0JWwEPBode9NuMYTIxuYXPg4ngO8i8+Ou0lM7y6GzaYWbiDL0drw==",
            "dependencies": {
                "vscode-languageserver-protocol": "3.16.0"
            },
            "bin": {
                "installServerIntoExtension": "bin/installServerIntoExtension"
            }
        },
        "node_modules/vscode-languageserver-protocol": {
            "version": "3.16.0",
            "resolved": "https://registry.npmjs.org/vscode-languageserver-protocol/-/vscode-languageserver-protocol-3.16.0.tgz",
            "integrity": "sha512-sdeUoAawceQdgIfTI+sdcwkiK2KU+2cbEYA0agzM2uqaUy2UpnnGHtWTHVEtS0ES4zHU0eMFRGN+oQgDxlD66A==",
            "dependencies": {
                "vscode-jsonrpc": "6.0.0",
                "vscode-languageserver-types": "3.16.0"
            }
        },
        "node_modules/vscode-languageserver-textdocument": {
            "version": "1.0.8",
            "resolved": "https://devdiv.pkgs.visualstudio.com/_packaging/Intellicode/npm/registry/vscode-languageserver-textdocument/-/vscode-languageserver-textdocument-1.0.8.tgz",
            "integrity": "sha1-nq6UUJy9lF6kS8qNz+S7DBW7OsA=",
            "license": "MIT"
        },
        "node_modules/vscode-languageserver-types": {
            "version": "3.16.0",
            "resolved": "https://registry.npmjs.org/vscode-languageserver-types/-/vscode-languageserver-types-3.16.0.tgz",
            "integrity": "sha512-k8luDIWJWyenLc5ToFQQMaSrqCHiLwyKPHKPQZ5zz21vM+vIVUSvsRpcbiECH4WR88K2XZqc4ScRcZ7nk/jbeA=="
        },
        "node_modules/vscode-nls": {
            "version": "5.2.0",
            "resolved": "https://devdiv.pkgs.visualstudio.com/_packaging/Intellicode/npm/registry/vscode-nls/-/vscode-nls-5.2.0.tgz",
            "integrity": "sha1-PLaJPdm9aVJE2KAkvfdG7qZlzD8=",
            "license": "MIT"
        },
        "node_modules/vscode-uri": {
            "version": "3.0.7",
            "resolved": "https://devdiv.pkgs.visualstudio.com/_packaging/Intellicode/npm/registry/vscode-uri/-/vscode-uri-3.0.7.tgz",
            "integrity": "sha1-bRn+84fua0bEeeX7AIcOFeWMHrg=",
            "license": "MIT"
        }
    },
    "dependencies": {
        "@angular/language-server": {
            "version": "17.0.0",
            "resolved": "https://registry.npmjs.org/@angular/language-server/-/language-server-17.0.0.tgz",
            "integrity": "sha512-oXO6F1Cy7UVTadFV3bBAbhbCnz3W1tpMo3Ga78bM/P9yfZg+CwhhjROmxPsl1y9FtoWdUTDWHRjVuYXaFfOVGQ==",
            "requires": {
                "@angular/language-service": "17.0.0-rc.3",
                "vscode-html-languageservice": "^4.2.5",
                "vscode-jsonrpc": "6.0.0",
                "vscode-languageserver": "7.0.0",
                "vscode-languageserver-textdocument": "^1.0.7",
                "vscode-uri": "3.0.7"
            }
        },
        "@angular/language-service": {
            "version": "17.0.0-rc.3",
            "resolved": "https://registry.npmjs.org/@angular/language-service/-/language-service-17.0.0-rc.3.tgz",
            "integrity": "sha512-F2LZUr9Kpeuz8Lqnm/KHxJMWX51+f2DzIPBNOVkNdgcTyQGXlQdJJBznpQ2QwaRaNP30Oz6/hOyAy95SKaVKSg=="
        },
        "typescript": {
            "version": "5.2.2",
            "resolved": "https://registry.npmjs.org/typescript/-/typescript-5.2.2.tgz",
            "integrity": "sha512-mI4WrpHsbCIcwT9cF4FZvr80QUeKvsUsUvKDoR+X/7XHQH98xYD8YHZg7ANtz2GtZt/CBq2QJ0thkGJMHfqc1w=="
        },
        "vscode-html-languageservice": {
            "version": "4.2.5",
            "resolved": "https://devdiv.pkgs.visualstudio.com/_packaging/Intellicode/npm/registry/vscode-html-languageservice/-/vscode-html-languageservice-4.2.5.tgz",
            "integrity": "sha1-wMyP89gk0WOIu6wYfhgodJ7M8AY=",
            "requires": {
                "vscode-languageserver-textdocument": "^1.0.4",
                "vscode-languageserver-types": "^3.16.0",
                "vscode-nls": "^5.0.0",
                "vscode-uri": "^3.0.3"
            }
        },
        "vscode-jsonrpc": {
            "version": "6.0.0",
            "resolved": "https://registry.npmjs.org/vscode-jsonrpc/-/vscode-jsonrpc-6.0.0.tgz",
            "integrity": "sha512-wnJA4BnEjOSyFMvjZdpiOwhSq9uDoK8e/kpRJDTaMYzwlkrhG1fwDIZI94CLsLzlCK5cIbMMtFlJlfR57Lavmg=="
        },
        "vscode-languageserver": {
            "version": "7.0.0",
            "resolved": "https://registry.npmjs.org/vscode-languageserver/-/vscode-languageserver-7.0.0.tgz",
            "integrity": "sha512-60HTx5ID+fLRcgdHfmz0LDZAXYEV68fzwG0JWwEPBode9NuMYTIxuYXPg4ngO8i8+Ou0lM7y6GzaYWbiDL0drw==",
            "requires": {
                "vscode-languageserver-protocol": "3.16.0"
            }
        },
        "vscode-languageserver-protocol": {
            "version": "3.16.0",
            "resolved": "https://registry.npmjs.org/vscode-languageserver-protocol/-/vscode-languageserver-protocol-3.16.0.tgz",
            "integrity": "sha512-sdeUoAawceQdgIfTI+sdcwkiK2KU+2cbEYA0agzM2uqaUy2UpnnGHtWTHVEtS0ES4zHU0eMFRGN+oQgDxlD66A==",
            "requires": {
                "vscode-jsonrpc": "6.0.0",
                "vscode-languageserver-types": "3.16.0"
            }
        },
        "vscode-languageserver-textdocument": {
            "version": "1.0.8",
            "resolved": "https://devdiv.pkgs.visualstudio.com/_packaging/Intellicode/npm/registry/vscode-languageserver-textdocument/-/vscode-languageserver-textdocument-1.0.8.tgz",
            "integrity": "sha1-nq6UUJy9lF6kS8qNz+S7DBW7OsA="
        },
        "vscode-languageserver-types": {
            "version": "3.16.0",
            "resolved": "https://registry.npmjs.org/vscode-languageserver-types/-/vscode-languageserver-types-3.16.0.tgz",
            "integrity": "sha512-k8luDIWJWyenLc5ToFQQMaSrqCHiLwyKPHKPQZ5zz21vM+vIVUSvsRpcbiECH4WR88K2XZqc4ScRcZ7nk/jbeA=="
        },
        "vscode-nls": {
            "version": "5.2.0",
            "resolved": "https://devdiv.pkgs.visualstudio.com/_packaging/Intellicode/npm/registry/vscode-nls/-/vscode-nls-5.2.0.tgz",
            "integrity": "sha1-PLaJPdm9aVJE2KAkvfdG7qZlzD8="
        },
        "vscode-uri": {
            "version": "3.0.7",
            "resolved": "https://devdiv.pkgs.visualstudio.com/_packaging/Intellicode/npm/registry/vscode-uri/-/vscode-uri-3.0.7.tgz",
            "integrity": "sha1-bRn+84fua0bEeeX7AIcOFeWMHrg="
        }
    }
}
