{
    "name": "AngularLanguageService.2022",
    "lockfileVersion": 2,
    "requires": true,
    "packages": {
        "": {
            "dependencies": {
                "@angular/language-server": "21.2.3",
                "typescript": "5.8.2"
            }
        },
        "node_modules/@angular/language-server": {
            "version": "21.2.3",
            "resolved": "https://registry.npmjs.org/@angular/language-server/-/language-server-21.2.3.tgz",
            "integrity": "sha512-ZuQeJZ0TpcA0MRHLgzZ7ijQ/iLogPXTlSjLsMMxndC0iFBdwKRN1Zx9sJUNvHdEn6TxE4ur+Tmj8PvxyhSxtLw==",
            "license": "MIT",
            "dependencies": {
                "@angular/language-service": "21.2.3",
                "typescript": "5.9.3"
            },
            "bin": {
                "ngserver": "bin/ngserver"
            },
            "engines": {
                "node": "^20.19.0 || ^22.12.0 || >=24.0.0"
            }
        },
        "node_modules/@angular/language-server/node_modules/typescript": {
            "version": "5.9.3",
            "resolved": "https://registry.npmjs.org/typescript/-/typescript-5.9.3.tgz",
            "integrity": "sha512-jl1vZzPDinLr9eUt3J/t7V6FgNEw9QjvBPdysz9KfQDD41fQrC2Y4vKQdiaUpFT4bXlb1RHhLpp8wtm6M5TgSw==",
            "license": "Apache-2.0",
            "bin": {
                "tsc": "bin/tsc",
                "tsserver": "bin/tsserver"
            },
            "engines": {
                "node": ">=14.17"
            }
        },
        "node_modules/@angular/language-service": {
            "version": "21.2.3",
            "resolved": "https://registry.npmjs.org/@angular/language-service/-/language-service-21.2.3.tgz",
            "integrity": "sha512-/lEF0ivUaxwZUMsMvhvaBjlsjOZAzuawuM/9VNOAAGtOwnBebr+QhJFR6+gyAQhMX+pX0szHh+Aa/Ek3laf5pw==",
            "license": "MIT",
            "engines": {
                "node": "^20.19.0 || ^22.12.0 || >=24.0.0"
            }
        },
        "node_modules/typescript": {
            "version": "5.8.2",
            "resolved": "https://registry.npmjs.org/typescript/-/typescript-5.8.2.tgz",
            "integrity": "sha512-aJn6wq13/afZp/jT9QZmwEjDqqvSGp1VT5GVg+f/t6/oVyrgXM6BY1h9BRh/O5p3PlUPAe+WuiEZOmb/49RqoQ==",
            "license": "Apache-2.0",
            "bin": {
                "tsc": "bin/tsc",
                "tsserver": "bin/tsserver"
            },
            "engines": {
                "node": ">=14.17"
            }
        }
    },
    "dependencies": {
        "@angular/language-server": {
            "version": "21.2.3",
            "resolved": "https://registry.npmjs.org/@angular/language-server/-/language-server-21.2.3.tgz",
            "integrity": "sha512-ZuQeJZ0TpcA0MRHLgzZ7ijQ/iLogPXTlSjLsMMxndC0iFBdwKRN1Zx9sJUNvHdEn6TxE4ur+Tmj8PvxyhSxtLw==",
            "requires": {
                "@angular/language-service": "21.2.3",
                "typescript": "5.9.3"
            },
            "dependencies": {
                "typescript": {
                    "version": "5.9.3",
                    "resolved": "https://registry.npmjs.org/typescript/-/typescript-5.9.3.tgz",
                    "integrity": "sha512-jl1vZzPDinLr9eUt3J/t7V6FgNEw9QjvBPdysz9KfQDD41fQrC2Y4vKQdiaUpFT4bXlb1RHhLpp8wtm6M5TgSw=="
                }
            }
        },
        "@angular/language-service": {
            "version": "21.2.3",
            "resolved": "https://registry.npmjs.org/@angular/language-service/-/language-service-21.2.3.tgz",
            "integrity": "sha512-/lEF0ivUaxwZUMsMvhvaBjlsjOZAzuawuM/9VNOAAGtOwnBebr+QhJFR6+gyAQhMX+pX0szHh+Aa/Ek3laf5pw=="
        },
        "typescript": {
            "version": "5.8.2",
            "resolved": "https://registry.npmjs.org/typescript/-/typescript-5.8.2.tgz",
            "integrity": "sha512-aJn6wq13/afZp/jT9QZmwEjDqqvSGp1VT5GVg+f/t6/oVyrgXM6BY1h9BRh/O5p3PlUPAe+WuiEZOmb/49RqoQ=="
        }
    }
}
