{
    "name": "AngularLanguageService.2022",
    "lockfileVersion": 3,
    "requires": true,
    "packages": {
        "": {
            "dependencies": {
                "@angular/language-server": "19.0.3",
                "typescript": "5.6.2"
            }
        },
        "node_modules/@angular/language-server": {
            "version": "19.0.3",
            "resolved": "https://registry.npmjs.org/@angular/language-server/-/language-server-19.0.3.tgz",
            "integrity": "sha512-fsxstCZw56pMKACXlQdNzFmnV5Pzj3CynW8CK3026Kj93oggXzqY55EciyuspNocNqtm1OOZXhCM/fTKzzJwdQ==",
            "dependencies": {
                "@angular/language-service": "19.0.1",
                "vscode-html-languageservice": "^4.2.5",
                "vscode-jsonrpc": "6.0.0",
                "vscode-languageserver": "7.0.0",
                "vscode-languageserver-textdocument": "^1.0.7",
                "vscode-uri": "3.0.7"
            },
            "bin": {
                "ngserver": "bin/ngserver"
            },
            "engines": {
                "node": "^18.19.1 || ^20.11.1"
            }
        },
        "node_modules/@angular/language-service": {
            "version": "19.0.1",
            "resolved": "https://registry.npmjs.org/@angular/language-service/-/language-service-19.0.1.tgz",
            "integrity": "sha512-1gpC3oYaD3kcOg7lElZId70wz9SSD/mYDDq6UFn0XGX7HXcmxdFQFxEmYil/7aUHU7mhju0Bse7cAsSdm1vL+w==",
            "engines": {
                "node": "^18.19.1 || ^20.11.1 || >=22.0.0"
            }
        },
        "node_modules/typescript": {
            "version": "5.6.2",
            "resolved": "https://registry.npmjs.org/typescript/-/typescript-5.6.2.tgz",
            "integrity": "sha512-NW8ByodCSNCwZeghjN3o+JX5OFH0Ojg6sadjEKY4huZ52TqbJTJnDo5+Tw98lSy63NZvi4n+ez5m2u5d4PkZyw==",
            "bin": {
                "tsc": "bin/tsc",
                "tsserver": "bin/tsserver"
            },
            "engines": {
                "node": ">=14.17"
            }
        },
        "node_modules/vscode-html-languageservice": {
            "version": "4.2.5",
            "resolved": "https://registry.npmjs.org/vscode-html-languageservice/-/vscode-html-languageservice-4.2.5.tgz",
            "integrity": "sha512-dbr10KHabB9EaK8lI0XZW7SqOsTfrNyT3Nuj0GoPi4LjGKUmMiLtsqzfedIzRTzqY+w0FiLdh0/kQrnQ0tLxrw==",
            "dependencies": {
                "vscode-languageserver-textdocument": "^1.0.4",
                "vscode-languageserver-types": "^3.16.0",
                "vscode-nls": "^5.0.0",
                "vscode-uri": "^3.0.3"
            }
        },
        "node_modules/vscode-jsonrpc": {
            "version": "6.0.0",
            "resolved": "https://registry.npmjs.org/vscode-jsonrpc/-/vscode-jsonrpc-6.0.0.tgz",
            "integrity": "sha512-wnJA4BnEjOSyFMvjZdpiOwhSq9uDoK8e/kpRJDTaMYzwlkrhG1fwDIZI94CLsLzlCK5cIbMMtFlJlfR57Lavmg==",
            "engines": {
                "node": ">=8.0.0 || >=10.0.0"
            }
        },
        "node_modules/vscode-languageserver": {
            "version": "7.0.0",
            "resolved": "https://registry.npmjs.org/vscode-languageserver/-/vscode-languageserver-7.0.0.tgz",
            "integrity": "sha512-60HTx5ID+fLRcgdHfmz0LDZAXYEV68fzwG0JWwEPBode9NuMYTIxuYXPg4ngO8i8+Ou0lM7y6GzaYWbiDL0drw==",
            "dependencies": {
                "vscode-languageserver-protocol": "3.16.0"
            },
            "bin": {
                "installServerIntoExtension": "bin/installServerIntoExtension"
            }
        },
        "node_modules/vscode-languageserver-protocol": {
            "version": "3.16.0",
            "resolved": "https://registry.npmjs.org/vscode-languageserver-protocol/-/vscode-languageserver-protocol-3.16.0.tgz",
            "integrity": "sha512-sdeUoAawceQdgIfTI+sdcwkiK2KU+2cbEYA0agzM2uqaUy2UpnnGHtWTHVEtS0ES4zHU0eMFRGN+oQgDxlD66A==",
            "dependencies": {
                "vscode-jsonrpc": "6.0.0",
                "vscode-languageserver-types": "3.16.0"
            }
        },
        "node_modules/vscode-languageserver-protocol/node_modules/vscode-languageserver-types": {
            "version": "3.16.0",
            "resolved": "https://registry.npmjs.org/vscode-languageserver-types/-/vscode-languageserver-types-3.16.0.tgz",
            "integrity": "sha512-k8luDIWJWyenLc5ToFQQMaSrqCHiLwyKPHKPQZ5zz21vM+vIVUSvsRpcbiECH4WR88K2XZqc4ScRcZ7nk/jbeA=="
        },
        "node_modules/vscode-languageserver-textdocument": {
            "version": "1.0.12",
            "resolved": "https://registry.npmjs.org/vscode-languageserver-textdocument/-/vscode-languageserver-textdocument-1.0.12.tgz",
            "integrity": "sha512-cxWNPesCnQCcMPeenjKKsOCKQZ/L6Tv19DTRIGuLWe32lyzWhihGVJ/rcckZXJxfdKCFvRLS3fpBIsV/ZGX4zA=="
        },
        "node_modules/vscode-languageserver-types": {
            "version": "3.17.5",
            "resolved": "https://registry.npmjs.org/vscode-languageserver-types/-/vscode-languageserver-types-3.17.5.tgz",
            "integrity": "sha512-Ld1VelNuX9pdF39h2Hgaeb5hEZM2Z3jUrrMgWQAu82jMtZp7p3vJT3BzToKtZI7NgQssZje5o0zryOrhQvzQAg=="
        },
        "node_modules/vscode-nls": {
            "version": "5.2.0",
            "resolved": "https://registry.npmjs.org/vscode-nls/-/vscode-nls-5.2.0.tgz",
            "integrity": "sha512-RAaHx7B14ZU04EU31pT+rKz2/zSl7xMsfIZuo8pd+KZO6PXtQmpevpq3vxvWNcrGbdmhM/rr5Uw5Mz+NBfhVng=="
        },
        "node_modules/vscode-uri": {
            "version": "3.0.7",
            "resolved": "https://registry.npmjs.org/vscode-uri/-/vscode-uri-3.0.7.tgz",
            "integrity": "sha512-eOpPHogvorZRobNqJGhapa0JdwaxpjVvyBp0QIUMRMSf8ZAlqOdEquKuRmw9Qwu0qXtJIWqFtMkmvJjUZmMjVA=="
        }
    }
}
