{
    "name": "AngularLanguageService.2019",
    "lockfileVersion": 2,
    "requires": true,
    "packages": {
        "": {
            "dependencies": {
                "@angular/language-server": "14.2.0",
                "typescript": "4.8.2"
            }
        },
        "node_modules/@angular/language-server": {
            "version": "14.2.0",
            "resolved": "https://registry.npmjs.org/@angular/language-server/-/language-server-14.2.0.tgz",
            "integrity": "sha512-j1Y8gMtRaHFA+PBmKjFqbqTC/58GDCNZSioPP6ib4oxAz/T9v7oQA1/ZMz6fZlIJPf+wNSy5+CbDMaj8lwGGWw==",
            "dependencies": {
                "@angular/language-service": "14.2.0",
                "vscode-jsonrpc": "6.0.0",
                "vscode-languageserver": "7.0.0",
                "vscode-uri": "3.0.3"
            },
            "bin": {
                "ngserver": "bin/ngserver"
            },
            "engines": {
                "node": "^14.15.0 || >=16.10.0"
            }
        },
        "node_modules/@angular/language-service": {
            "version": "14.2.0",
            "resolved": "https://registry.npmjs.org/@angular/language-service/-/language-service-14.2.0.tgz",
            "integrity": "sha512-8CdmymRVMEkMa1VhQc7gfUWFMzKEIuLEreGlhMewQoL8y6bB2dYHVfnju/dAA4PooVLZcVuZDeHy+CGzK9snmA==",
            "engines": {
                "node": "^14.15.0 || >=16.10.0"
            }
        },
        "node_modules/typescript": {
            "version": "4.8.2",
            "resolved": "https://registry.npmjs.org/typescript/-/typescript-4.8.2.tgz",
            "integrity": "sha512-C0I1UsrrDHo2fYI5oaCGbSejwX4ch+9Y5jTQELvovfmFkK3HHSZJB8MSJcWLmCUBzQBchCrZ9rMRV6GuNrvGtw==",
            "bin": {
                "tsc": "bin/tsc",
                "tsserver": "bin/tsserver"
            },
            "engines": {
                "node": ">=4.2.0"
            }
        },
        "node_modules/vscode-jsonrpc": {
            "version": "6.0.0",
            "resolved": "https://registry.npmjs.org/vscode-jsonrpc/-/vscode-jsonrpc-6.0.0.tgz",
            "integrity": "sha512-wnJA4BnEjOSyFMvjZdpiOwhSq9uDoK8e/kpRJDTaMYzwlkrhG1fwDIZI94CLsLzlCK5cIbMMtFlJlfR57Lavmg==",
            "engines": {
                "node": ">=8.0.0 || >=10.0.0"
            }
        },
        "node_modules/vscode-languageserver": {
            "version": "7.0.0",
            "resolved": "https://registry.npmjs.org/vscode-languageserver/-/vscode-languageserver-7.0.0.tgz",
            "integrity": "sha512-60HTx5ID+fLRcgdHfmz0LDZAXYEV68fzwG0JWwEPBode9NuMYTIxuYXPg4ngO8i8+Ou0lM7y6GzaYWbiDL0drw==",
            "dependencies": {
                "vscode-languageserver-protocol": "3.16.0"
            },
            "bin": {
                "installServerIntoExtension": "bin/installServerIntoExtension"
            }
        },
        "node_modules/vscode-languageserver-protocol": {
            "version": "3.16.0",
            "resolved": "https://registry.npmjs.org/vscode-languageserver-protocol/-/vscode-languageserver-protocol-3.16.0.tgz",
            "integrity": "sha512-sdeUoAawceQdgIfTI+sdcwkiK2KU+2cbEYA0agzM2uqaUy2UpnnGHtWTHVEtS0ES4zHU0eMFRGN+oQgDxlD66A==",
            "dependencies": {
                "vscode-jsonrpc": "6.0.0",
                "vscode-languageserver-types": "3.16.0"
            }
        },
        "node_modules/vscode-languageserver-types": {
            "version": "3.16.0",
            "resolved": "https://registry.npmjs.org/vscode-languageserver-types/-/vscode-languageserver-types-3.16.0.tgz",
            "integrity": "sha512-k8luDIWJWyenLc5ToFQQMaSrqCHiLwyKPHKPQZ5zz21vM+vIVUSvsRpcbiECH4WR88K2XZqc4ScRcZ7nk/jbeA=="
        },
        "node_modules/vscode-uri": {
            "version": "3.0.3",
            "resolved": "https://registry.npmjs.org/vscode-uri/-/vscode-uri-3.0.3.tgz",
            "integrity": "sha512-EcswR2S8bpR7fD0YPeS7r2xXExrScVMxg4MedACaWHEtx9ftCF/qHG1xGkolzTPcEmjTavCQgbVzHUIdTMzFGA=="
        }
    },
    "dependencies": {
        "@angular/language-server": {
            "version": "14.2.0",
            "resolved": "https://registry.npmjs.org/@angular/language-server/-/language-server-14.2.0.tgz",
            "integrity": "sha512-j1Y8gMtRaHFA+PBmKjFqbqTC/58GDCNZSioPP6ib4oxAz/T9v7oQA1/ZMz6fZlIJPf+wNSy5+CbDMaj8lwGGWw==",
            "requires": {
                "@angular/language-service": "14.2.0",
                "vscode-jsonrpc": "6.0.0",
                "vscode-languageserver": "7.0.0",
                "vscode-uri": "3.0.3"
            }
        },
        "@angular/language-service": {
            "version": "14.2.0",
            "resolved": "https://registry.npmjs.org/@angular/language-service/-/language-service-14.2.0.tgz",
            "integrity": "sha512-8CdmymRVMEkMa1VhQc7gfUWFMzKEIuLEreGlhMewQoL8y6bB2dYHVfnju/dAA4PooVLZcVuZDeHy+CGzK9snmA=="
        },
        "typescript": {
            "version": "4.8.2",
            "resolved": "https://registry.npmjs.org/typescript/-/typescript-4.8.2.tgz",
            "integrity": "sha512-C0I1UsrrDHo2fYI5oaCGbSejwX4ch+9Y5jTQELvovfmFkK3HHSZJB8MSJcWLmCUBzQBchCrZ9rMRV6GuNrvGtw=="
        },
        "vscode-jsonrpc": {
            "version": "6.0.0",
            "resolved": "https://registry.npmjs.org/vscode-jsonrpc/-/vscode-jsonrpc-6.0.0.tgz",
            "integrity": "sha512-wnJA4BnEjOSyFMvjZdpiOwhSq9uDoK8e/kpRJDTaMYzwlkrhG1fwDIZI94CLsLzlCK5cIbMMtFlJlfR57Lavmg=="
        },
        "vscode-languageserver": {
            "version": "7.0.0",
            "resolved": "https://registry.npmjs.org/vscode-languageserver/-/vscode-languageserver-7.0.0.tgz",
            "integrity": "sha512-60HTx5ID+fLRcgdHfmz0LDZAXYEV68fzwG0JWwEPBode9NuMYTIxuYXPg4ngO8i8+Ou0lM7y6GzaYWbiDL0drw==",
            "requires": {
                "vscode-languageserver-protocol": "3.16.0"
            }
        },
        "vscode-languageserver-protocol": {
            "version": "3.16.0",
            "resolved": "https://registry.npmjs.org/vscode-languageserver-protocol/-/vscode-languageserver-protocol-3.16.0.tgz",
            "integrity": "sha512-sdeUoAawceQdgIfTI+sdcwkiK2KU+2cbEYA0agzM2uqaUy2UpnnGHtWTHVEtS0ES4zHU0eMFRGN+oQgDxlD66A==",
            "requires": {
                "vscode-jsonrpc": "6.0.0",
                "vscode-languageserver-types": "3.16.0"
            }
        },
        "vscode-languageserver-types": {
            "version": "3.16.0",
            "resolved": "https://registry.npmjs.org/vscode-languageserver-types/-/vscode-languageserver-types-3.16.0.tgz",
            "integrity": "sha512-k8luDIWJWyenLc5ToFQQMaSrqCHiLwyKPHKPQZ5zz21vM+vIVUSvsRpcbiECH4WR88K2XZqc4ScRcZ7nk/jbeA=="
        },
        "vscode-uri": {
            "version": "3.0.3",
            "resolved": "https://registry.npmjs.org/vscode-uri/-/vscode-uri-3.0.3.tgz",
            "integrity": "sha512-EcswR2S8bpR7fD0YPeS7r2xXExrScVMxg4MedACaWHEtx9ftCF/qHG1xGkolzTPcEmjTavCQgbVzHUIdTMzFGA=="
        }
    }
}
